
Microsoft Visual Studio Solution File, Format Version 12.00
# Visual Studio Version 16
VisualStudioVersion = 16.0.32413.511
MinimumVisualStudioVersion = 10.0.40219.1
Project("{8BC9CEB8-8B4A-11D0-8D11-00A0C91BC942}") = "2004", "2004\2004.vcxproj", "{10454456-3428-4EF6-AD0F-B0DAC1E327CF}"
EndProject
Global
	GlobalSection(SolutionConfigurationPlatforms) = preSolution
		Debug|x64 = Debug|x64
		Debug|x86 = Debug|x86
		Release|x64 = Release|x64
		Release|x86 = Release|x86
	EndGlobalSection
	GlobalSection(ProjectConfigurationPlatforms) = postSolution
		{10454456-3428-4EF6-AD0F-B0DAC1E327CF}.Debug|x64.ActiveCfg = Debug|x64
		{10454456-3428-4EF6-AD0F-B0DAC1E327CF}.Debug|x64.Build.0 = Debug|x64
		{10454456-3428-4EF6-AD0F-B0DAC1E327CF}.Debug|x86.ActiveCfg = Debug|Win32
		{10454456-3428-4EF6-AD0F-B0DAC1E327CF}.Debug|x86.Build.0 = Debug|Win32
		{10454456-3428-4EF6-AD0F-B0DAC1E327CF}.Release|x64.ActiveCfg = Release|x64
		{10454456-3428-4EF6-AD0F-B0DAC1E327CF}.Release|x64.Build.0 = Release|x64
		{10454456-3428-4EF6-AD0F-B0DAC1E327CF}.Release|x86.ActiveCfg = Release|Win32
		{10454456-3428-4EF6-AD0F-B0DAC1E327CF}.Release|x86.Build.0 = Release|Win32
	EndGlobalSection
	GlobalSection(SolutionProperties) = preSolution
		HideSolutionNode = FALSE
	EndGlobalSection
	GlobalSection(ExtensibilityGlobals) = postSolution
		SolutionGuid = {3A887A47-D172-4FC8-963D-C71D076C0258}
	EndGlobalSection
EndGlobal
