
Microsoft Visual Studio Solution File, Format Version 12.00
# Visual Studio Version 16
VisualStudioVersion = 16.0.32901.82
MinimumVisualStudioVersion = 10.0.40219.1
Project("{8BC9CEB8-8B4A-11D0-8D11-00A0C91BC942}") = "Recursion", "Recursion\Recursion.vcxproj", "{1B106E11-5B0E-4443-8EAF-CF88B8F9583F}"
EndProject
Global
	GlobalSection(SolutionConfigurationPlatforms) = preSolution
		Debug|x64 = Debug|x64
		Debug|x86 = Debug|x86
		Release|x64 = Release|x64
		Release|x86 = Release|x86
	EndGlobalSection
	GlobalSection(ProjectConfigurationPlatforms) = postSolution
		{1B106E11-5B0E-4443-8EAF-CF88B8F9583F}.Debug|x64.ActiveCfg = Debug|x64
		{1B106E11-5B0E-4443-8EAF-CF88B8F9583F}.Debug|x64.Build.0 = Debug|x64
		{1B106E11-5B0E-4443-8EAF-CF88B8F9583F}.Debug|x86.ActiveCfg = Debug|Win32
		{1B106E11-5B0E-4443-8EAF-CF88B8F9583F}.Debug|x86.Build.0 = Debug|Win32
		{1B106E11-5B0E-4443-8EAF-CF88B8F9583F}.Release|x64.ActiveCfg = Release|x64
		{1B106E11-5B0E-4443-8EAF-CF88B8F9583F}.Release|x64.Build.0 = Release|x64
		{1B106E11-5B0E-4443-8EAF-CF88B8F9583F}.Release|x86.ActiveCfg = Release|Win32
		{1B106E11-5B0E-4443-8EAF-CF88B8F9583F}.Release|x86.Build.0 = Release|Win32
	EndGlobalSection
	GlobalSection(SolutionProperties) = preSolution
		HideSolutionNode = FALSE
	EndGlobalSection
	GlobalSection(ExtensibilityGlobals) = postSolution
		SolutionGuid = {155A092A-047E-4830-BC0E-F5FB975823AE}
	EndGlobalSection
EndGlobal
