
Microsoft Visual Studio Solution File, Format Version 12.00
# Visual Studio Version 16
VisualStudioVersion = 16.0.32901.82
MinimumVisualStudioVersion = 10.0.40219.1
Project("{8BC9CEB8-8B4A-11D0-8D11-00A0C91BC942}") = "DP1", "DP1\DP1.vcxproj", "{7881EB3E-880D-44A5-897A-028EDCBE6A16}"
EndProject
Global
	GlobalSection(SolutionConfigurationPlatforms) = preSolution
		Debug|x64 = Debug|x64
		Debug|x86 = Debug|x86
		Release|x64 = Release|x64
		Release|x86 = Release|x86
	EndGlobalSection
	GlobalSection(ProjectConfigurationPlatforms) = postSolution
		{7881EB3E-880D-44A5-897A-028EDCBE6A16}.Debug|x64.ActiveCfg = Debug|x64
		{7881EB3E-880D-44A5-897A-028EDCBE6A16}.Debug|x64.Build.0 = Debug|x64
		{7881EB3E-880D-44A5-897A-028EDCBE6A16}.Debug|x86.ActiveCfg = Debug|Win32
		{7881EB3E-880D-44A5-897A-028EDCBE6A16}.Debug|x86.Build.0 = Debug|Win32
		{7881EB3E-880D-44A5-897A-028EDCBE6A16}.Release|x64.ActiveCfg = Release|x64
		{7881EB3E-880D-44A5-897A-028EDCBE6A16}.Release|x64.Build.0 = Release|x64
		{7881EB3E-880D-44A5-897A-028EDCBE6A16}.Release|x86.ActiveCfg = Release|Win32
		{7881EB3E-880D-44A5-897A-028EDCBE6A16}.Release|x86.Build.0 = Release|Win32
	EndGlobalSection
	GlobalSection(SolutionProperties) = preSolution
		HideSolutionNode = FALSE
	EndGlobalSection
	GlobalSection(ExtensibilityGlobals) = postSolution
		SolutionGuid = {E94A2983-796E-41FB-AF63-B649F9827BF7}
	EndGlobalSection
EndGlobal
