
Microsoft Visual Studio Solution File, Format Version 12.00
# Visual Studio Version 16
VisualStudioVersion = 16.0.32413.511
MinimumVisualStudioVersion = 10.0.40219.1
Project("{8BC9CEB8-8B4A-11D0-8D11-00A0C91BC942}") = "14889", "14889.vcxproj", "{B9EB9505-F444-46CF-8B4C-B0A37CE0B58A}"
EndProject
Global
	GlobalSection(SolutionConfigurationPlatforms) = preSolution
		Debug|x64 = Debug|x64
		Debug|x86 = Debug|x86
		Release|x64 = Release|x64
		Release|x86 = Release|x86
	EndGlobalSection
	GlobalSection(ProjectConfigurationPlatforms) = postSolution
		{B9EB9505-F444-46CF-8B4C-B0A37CE0B58A}.Debug|x64.ActiveCfg = Debug|x64
		{B9EB9505-F444-46CF-8B4C-B0A37CE0B58A}.Debug|x64.Build.0 = Debug|x64
		{B9EB9505-F444-46CF-8B4C-B0A37CE0B58A}.Debug|x86.ActiveCfg = Debug|Win32
		{B9EB9505-F444-46CF-8B4C-B0A37CE0B58A}.Debug|x86.Build.0 = Debug|Win32
		{B9EB9505-F444-46CF-8B4C-B0A37CE0B58A}.Release|x64.ActiveCfg = Release|x64
		{B9EB9505-F444-46CF-8B4C-B0A37CE0B58A}.Release|x64.Build.0 = Release|x64
		{B9EB9505-F444-46CF-8B4C-B0A37CE0B58A}.Release|x86.ActiveCfg = Release|Win32
		{B9EB9505-F444-46CF-8B4C-B0A37CE0B58A}.Release|x86.Build.0 = Release|Win32
	EndGlobalSection
	GlobalSection(SolutionProperties) = preSolution
		HideSolutionNode = FALSE
	EndGlobalSection
	GlobalSection(ExtensibilityGlobals) = postSolution
		SolutionGuid = {D8E79059-70DE-4FEF-B50E-A9C112021842}
	EndGlobalSection
EndGlobal
